
Microsoft Visual Studio Solution File, Format Version 10.00
# Visual Studio 2008
Project("{FAE04EC0-301F-11D3-BF4B-00C04F79EFBC}") = "Day 1-2", "Day 1-2\Day 1-2.csproj", "{DB28B08A-17BB-45A0-BAD6-93AC32FDCE16}"
EndProject
Global
	GlobalSection(SolutionConfigurationPlatforms) = preSolution
		Debug|Any CPU = Debug|Any CPU
		Release|Any CPU = Release|Any CPU
	EndGlobalSection
	GlobalSection(ProjectConfigurationPlatforms) = postSolution
		{DB28B08A-17BB-45A0-BAD6-93AC32FDCE16}.Debug|Any CPU.ActiveCfg = Debug|Any CPU
		{DB28B08A-17BB-45A0-BAD6-93AC32FDCE16}.Debug|Any CPU.Build.0 = Debug|Any CPU
		{DB28B08A-17BB-45A0-BAD6-93AC32FDCE16}.Release|Any CPU.ActiveCfg = Release|Any CPU
		{DB28B08A-17BB-45A0-BAD6-93AC32FDCE16}.Release|Any CPU.Build.0 = Release|Any CPU
	EndGlobalSection
	GlobalSection(SolutionProperties) = preSolution
		HideSolutionNode = FALSE
	EndGlobalSection
EndGlobal
