
Microsoft Visual Studio Solution File, Format Version 11.00
# Visual Web Developer Express 2010
Project("{FAE04EC0-301F-11D3-BF4B-00C04F79EFBC}") = "ASP_Day7_8", "ASP_Day7_8\ASP_Day7_8.csproj", "{96FE69DA-8C45-4435-BB94-1B3F7DA9465E}"
EndProject
Global
	GlobalSection(SolutionConfigurationPlatforms) = preSolution
		Debug|Any CPU = Debug|Any CPU
		Release|Any CPU = Release|Any CPU
	EndGlobalSection
	GlobalSection(ProjectConfigurationPlatforms) = postSolution
		{96FE69DA-8C45-4435-BB94-1B3F7DA9465E}.Debug|Any CPU.ActiveCfg = Debug|Any CPU
		{96FE69DA-8C45-4435-BB94-1B3F7DA9465E}.Debug|Any CPU.Build.0 = Debug|Any CPU
		{96FE69DA-8C45-4435-BB94-1B3F7DA9465E}.Release|Any CPU.ActiveCfg = Release|Any CPU
		{96FE69DA-8C45-4435-BB94-1B3F7DA9465E}.Release|Any CPU.Build.0 = Release|Any CPU
	EndGlobalSection
	GlobalSection(SolutionProperties) = preSolution
		HideSolutionNode = FALSE
	EndGlobalSection
EndGlobal
