
Microsoft Visual Studio Solution File, Format Version 11.00
# Visual Web Developer Express 2010
Project("{FAE04EC0-301F-11D3-BF4B-00C04F79EFBC}") = "ADV_ASP_Day3", "ADV_ASP_Day3\ADV_ASP_Day3.csproj", "{A6EF3450-0874-417E-A5DF-A0E9745C98B9}"
EndProject
Project("{FAE04EC0-301F-11D3-BF4B-00C04F79EFBC}") = "ServerControl1", "ServerControl1\ServerControl1\ServerControl1.csproj", "{7A2857F5-82AF-45F8-90F5-159DA4186F7B}"
EndProject
Global
	GlobalSection(SolutionConfigurationPlatforms) = preSolution
		Debug|Any CPU = Debug|Any CPU
		Release|Any CPU = Release|Any CPU
	EndGlobalSection
	GlobalSection(ProjectConfigurationPlatforms) = postSolution
		{A6EF3450-0874-417E-A5DF-A0E9745C98B9}.Debug|Any CPU.ActiveCfg = Debug|Any CPU
		{A6EF3450-0874-417E-A5DF-A0E9745C98B9}.Debug|Any CPU.Build.0 = Debug|Any CPU
		{A6EF3450-0874-417E-A5DF-A0E9745C98B9}.Release|Any CPU.ActiveCfg = Release|Any CPU
		{A6EF3450-0874-417E-A5DF-A0E9745C98B9}.Release|Any CPU.Build.0 = Release|Any CPU
		{7A2857F5-82AF-45F8-90F5-159DA4186F7B}.Debug|Any CPU.ActiveCfg = Debug|Any CPU
		{7A2857F5-82AF-45F8-90F5-159DA4186F7B}.Debug|Any CPU.Build.0 = Debug|Any CPU
		{7A2857F5-82AF-45F8-90F5-159DA4186F7B}.Release|Any CPU.ActiveCfg = Release|Any CPU
		{7A2857F5-82AF-45F8-90F5-159DA4186F7B}.Release|Any CPU.Build.0 = Release|Any CPU
	EndGlobalSection
	GlobalSection(SolutionProperties) = preSolution
		HideSolutionNode = FALSE
	EndGlobalSection
EndGlobal
