
Microsoft Visual Studio Solution File, Format Version 10.00
# Visual Studio 2008
Project("{FAE04EC0-301F-11D3-BF4B-00C04F79EFBC}") = "Day 12-13", "Day 12-13\Day 12-13.csproj", "{7330F039-0DD3-4E65-9017-BFB7F44426D0}"
EndProject
Global
	GlobalSection(SolutionConfigurationPlatforms) = preSolution
		Debug|Any CPU = Debug|Any CPU
		Release|Any CPU = Release|Any CPU
	EndGlobalSection
	GlobalSection(ProjectConfigurationPlatforms) = postSolution
		{7330F039-0DD3-4E65-9017-BFB7F44426D0}.Debug|Any CPU.ActiveCfg = Debug|Any CPU
		{7330F039-0DD3-4E65-9017-BFB7F44426D0}.Debug|Any CPU.Build.0 = Debug|Any CPU
		{7330F039-0DD3-4E65-9017-BFB7F44426D0}.Release|Any CPU.ActiveCfg = Release|Any CPU
		{7330F039-0DD3-4E65-9017-BFB7F44426D0}.Release|Any CPU.Build.0 = Release|Any CPU
	EndGlobalSection
	GlobalSection(SolutionProperties) = preSolution
		HideSolutionNode = FALSE
	EndGlobalSection
EndGlobal
