
Microsoft Visual Studio Solution File, Format Version 11.00
# Visual Web Developer Express 2010
Project("{FAE04EC0-301F-11D3-BF4B-00C04F79EFBC}") = "ADV_ASP_Day5_6", "ADV_ASP_Day5_6\ADV_ASP_Day5_6.csproj", "{9419DE5F-404E-488F-A5F1-624169F318FF}"
EndProject
Global
	GlobalSection(SolutionConfigurationPlatforms) = preSolution
		Debug|Any CPU = Debug|Any CPU
		Release|Any CPU = Release|Any CPU
	EndGlobalSection
	GlobalSection(ProjectConfigurationPlatforms) = postSolution
		{9419DE5F-404E-488F-A5F1-624169F318FF}.Debug|Any CPU.ActiveCfg = Debug|Any CPU
		{9419DE5F-404E-488F-A5F1-624169F318FF}.Debug|Any CPU.Build.0 = Debug|Any CPU
		{9419DE5F-404E-488F-A5F1-624169F318FF}.Release|Any CPU.ActiveCfg = Release|Any CPU
		{9419DE5F-404E-488F-A5F1-624169F318FF}.Release|Any CPU.Build.0 = Release|Any CPU
	EndGlobalSection
	GlobalSection(SolutionProperties) = preSolution
		HideSolutionNode = FALSE
	EndGlobalSection
EndGlobal
