
Microsoft Visual Studio Solution File, Format Version 10.00
# Visual Studio 2008
Project("{FAE04EC0-301F-11D3-BF4B-00C04F79EFBC}") = "DAY3Exercise", "DAY3Exercise\DAY3Exercise.csproj", "{56B44C8F-3E73-4567-BE5B-43F95AF78363}"
EndProject
Global
	GlobalSection(SolutionConfigurationPlatforms) = preSolution
		Debug|Any CPU = Debug|Any CPU
		Release|Any CPU = Release|Any CPU
	EndGlobalSection
	GlobalSection(ProjectConfigurationPlatforms) = postSolution
		{56B44C8F-3E73-4567-BE5B-43F95AF78363}.Debug|Any CPU.ActiveCfg = Debug|Any CPU
		{56B44C8F-3E73-4567-BE5B-43F95AF78363}.Debug|Any CPU.Build.0 = Debug|Any CPU
		{56B44C8F-3E73-4567-BE5B-43F95AF78363}.Release|Any CPU.ActiveCfg = Release|Any CPU
		{56B44C8F-3E73-4567-BE5B-43F95AF78363}.Release|Any CPU.Build.0 = Release|Any CPU
	EndGlobalSection
	GlobalSection(SolutionProperties) = preSolution
		HideSolutionNode = FALSE
	EndGlobalSection
EndGlobal
