
Microsoft Visual Studio Solution File, Format Version 10.00
# Visual Studio 2008
Project("{FAE04EC0-301F-11D3-BF4B-00C04F79EFBC}") = "day 5", "day 5\day 5.csproj", "{B1571366-3BCC-4BB2-B24F-4E390021F4AD}"
EndProject
Global
	GlobalSection(SolutionConfigurationPlatforms) = preSolution
		Debug|Any CPU = Debug|Any CPU
		Release|Any CPU = Release|Any CPU
	EndGlobalSection
	GlobalSection(ProjectConfigurationPlatforms) = postSolution
		{B1571366-3BCC-4BB2-B24F-4E390021F4AD}.Debug|Any CPU.ActiveCfg = Debug|Any CPU
		{B1571366-3BCC-4BB2-B24F-4E390021F4AD}.Debug|Any CPU.Build.0 = Debug|Any CPU
		{B1571366-3BCC-4BB2-B24F-4E390021F4AD}.Release|Any CPU.ActiveCfg = Release|Any CPU
		{B1571366-3BCC-4BB2-B24F-4E390021F4AD}.Release|Any CPU.Build.0 = Release|Any CPU
	EndGlobalSection
	GlobalSection(SolutionProperties) = preSolution
		HideSolutionNode = FALSE
	EndGlobalSection
EndGlobal
