
Microsoft Visual Studio Solution File, Format Version 10.00
# Visual Studio 2008
Project("{FAE04EC0-301F-11D3-BF4B-00C04F79EFBC}") = "DAY5Exercise", "DAY5Exercise\DAY5Exercise.csproj", "{5EF56BBC-0F6C-432A-B1E3-6528E7D8B0AB}"
EndProject
Global
	GlobalSection(SolutionConfigurationPlatforms) = preSolution
		Debug|Any CPU = Debug|Any CPU
		Release|Any CPU = Release|Any CPU
	EndGlobalSection
	GlobalSection(ProjectConfigurationPlatforms) = postSolution
		{5EF56BBC-0F6C-432A-B1E3-6528E7D8B0AB}.Debug|Any CPU.ActiveCfg = Debug|Any CPU
		{5EF56BBC-0F6C-432A-B1E3-6528E7D8B0AB}.Debug|Any CPU.Build.0 = Debug|Any CPU
		{5EF56BBC-0F6C-432A-B1E3-6528E7D8B0AB}.Release|Any CPU.ActiveCfg = Release|Any CPU
		{5EF56BBC-0F6C-432A-B1E3-6528E7D8B0AB}.Release|Any CPU.Build.0 = Release|Any CPU
	EndGlobalSection
	GlobalSection(SolutionProperties) = preSolution
		HideSolutionNode = FALSE
	EndGlobalSection
EndGlobal
